
Microsoft Visual Studio Solution File, Format Version 12.00
# Visual Studio Version 17
VisualStudioVersion = 17.6.33829.357
MinimumVisualStudioVersion = 10.0.40219.1
Project("{FAE04EC0-301F-11D3-BF4B-00C04F79EFBC}") = "01.XML", "01.XML\01.XML.csproj", "{9C2E534F-24BC-4881-B540-8A196BCBC204}"
EndProject
Project("{FAE04EC0-301F-11D3-BF4B-00C04F79EFBC}") = "02.XMLTextReader", "02.XML\02.XMLTextReader.csproj", "{A42E0986-7014-4AC6-99FE-87C5ADEE1A17}"
EndProject
Project("{FAE04EC0-301F-11D3-BF4B-00C04F79EFBC}") = "03.XMLString", "03.XMLString\03.XMLString.csproj", "{8163AE16-430F-43BA-8D2E-B4B8B474BE4F}"
EndProject
Project("{FAE04EC0-301F-11D3-BF4B-00C04F79EFBC}") = "04.XML", "04.XML\04.XML.csproj", "{D2BAEA2E-4679-46D5-AE8B-9A3F37B20D68}"
EndProject
Project("{FAE04EC0-301F-11D3-BF4B-00C04F79EFBC}") = "05.XML", "05.XML\05.XML.csproj", "{F4066BC6-A9D6-4D73-9079-36B55490ECA0}"
EndProject
Project("{FAE04EC0-301F-11D3-BF4B-00C04F79EFBC}") = "06.XML", "06.XML\06.XML.csproj", "{7A61983E-688B-4BB0-A788-44E600411005}"
EndProject
Project("{FAE04EC0-301F-11D3-BF4B-00C04F79EFBC}") = "07.XML", "07.XML\07.XML.csproj", "{12B64BF9-9FD1-4412-BE18-2105CF25A7EB}"
EndProject
Project("{FAE04EC0-301F-11D3-BF4B-00C04F79EFBC}") = "08.XML", "08.XML\08.XML.csproj", "{94C25955-B3B5-4CB4-8A52-09F4C3C363B2}"
EndProject
Project("{FAE04EC0-301F-11D3-BF4B-00C04F79EFBC}") = "09.XML", "09.XML\09.XML.csproj", "{81D9DEE4-6264-4921-8C35-FF9C83DB9AD2}"
EndProject
Project("{FAE04EC0-301F-11D3-BF4B-00C04F79EFBC}") = "10.XML", "10.XML\10.XML.csproj", "{309A25DF-029C-4202-90A7-E181C6DF05CA}"
EndProject
Project("{FAE04EC0-301F-11D3-BF4B-00C04F79EFBC}") = "11.XML", "11.XML\11.XML.csproj", "{BE18A1D8-BDE2-408D-91D4-1197510E2D71}"
EndProject
Project("{FAE04EC0-301F-11D3-BF4B-00C04F79EFBC}") = "12.XML", "12.XML\12.XML.csproj", "{BB7246DC-3CF8-41AE-B362-A87272F2DBCC}"
EndProject
Project("{FAE04EC0-301F-11D3-BF4B-00C04F79EFBC}") = "13.XML", "13.XML\13.XML.csproj", "{928ADD03-6FDA-4DE5-8682-855E365448B9}"
EndProject
Project("{FAE04EC0-301F-11D3-BF4B-00C04F79EFBC}") = "14.Configuration", "14.Configuration\14.Configuration.csproj", "{549A1056-C313-4AB8-9D96-A60E3D51CA47}"
EndProject
Project("{FAE04EC0-301F-11D3-BF4B-00C04F79EFBC}") = "15.Configuration", "15.Configuration\15.Configuration.csproj", "{38AE76BA-D077-42F6-A67D-E5454A2B8850}"
EndProject
Project("{FAE04EC0-301F-11D3-BF4B-00C04F79EFBC}") = "16.Registry", "16.Registry\16.Registry.csproj", "{FCCDBC14-C14E-43E0-B8A9-2F90C6CC942A}"
EndProject
Project("{FAE04EC0-301F-11D3-BF4B-00C04F79EFBC}") = "17.Registry", "17.Registry\17.Registry.csproj", "{5C7B52E4-6AB0-4E32-B01C-EE9A96B18576}"
EndProject
Project("{FAE04EC0-301F-11D3-BF4B-00C04F79EFBC}") = "18.Registry", "18.Registry\18.Registry.csproj", "{0E47D138-D490-448F-B1BA-9FBC43333952}"
EndProject
Project("{FAE04EC0-301F-11D3-BF4B-00C04F79EFBC}") = "19.Registry", "19.Registry\19.Registry.csproj", "{A7F2CBD8-2896-44DF-8181-443A0A94D5ED}"
EndProject
Project("{FAE04EC0-301F-11D3-BF4B-00C04F79EFBC}") = "20.Registry", "20.Registry\20.Registry.csproj", "{9FFE7E50-E087-4A32-91A4-B06E1D4C0C83}"
EndProject
Project("{FAE04EC0-301F-11D3-BF4B-00C04F79EFBC}") = "21.Registry", "21.Registry\21.Registry.csproj", "{CB055AE5-6D85-4C47-B83F-60072ED60F98}"
EndProject
Global
	GlobalSection(SolutionConfigurationPlatforms) = preSolution
		Debug|Any CPU = Debug|Any CPU
		Release|Any CPU = Release|Any CPU
	EndGlobalSection
	GlobalSection(ProjectConfigurationPlatforms) = postSolution
		{9C2E534F-24BC-4881-B540-8A196BCBC204}.Debug|Any CPU.ActiveCfg = Debug|Any CPU
		{9C2E534F-24BC-4881-B540-8A196BCBC204}.Debug|Any CPU.Build.0 = Debug|Any CPU
		{9C2E534F-24BC-4881-B540-8A196BCBC204}.Release|Any CPU.ActiveCfg = Release|Any CPU
		{9C2E534F-24BC-4881-B540-8A196BCBC204}.Release|Any CPU.Build.0 = Release|Any CPU
		{A42E0986-7014-4AC6-99FE-87C5ADEE1A17}.Debug|Any CPU.ActiveCfg = Debug|Any CPU
		{A42E0986-7014-4AC6-99FE-87C5ADEE1A17}.Debug|Any CPU.Build.0 = Debug|Any CPU
		{A42E0986-7014-4AC6-99FE-87C5ADEE1A17}.Release|Any CPU.ActiveCfg = Release|Any CPU
		{A42E0986-7014-4AC6-99FE-87C5ADEE1A17}.Release|Any CPU.Build.0 = Release|Any CPU
		{8163AE16-430F-43BA-8D2E-B4B8B474BE4F}.Debug|Any CPU.ActiveCfg = Debug|Any CPU
		{8163AE16-430F-43BA-8D2E-B4B8B474BE4F}.Debug|Any CPU.Build.0 = Debug|Any CPU
		{8163AE16-430F-43BA-8D2E-B4B8B474BE4F}.Release|Any CPU.ActiveCfg = Release|Any CPU
		{8163AE16-430F-43BA-8D2E-B4B8B474BE4F}.Release|Any CPU.Build.0 = Release|Any CPU
		{D2BAEA2E-4679-46D5-AE8B-9A3F37B20D68}.Debug|Any CPU.ActiveCfg = Debug|Any CPU
		{D2BAEA2E-4679-46D5-AE8B-9A3F37B20D68}.Debug|Any CPU.Build.0 = Debug|Any CPU
		{D2BAEA2E-4679-46D5-AE8B-9A3F37B20D68}.Release|Any CPU.ActiveCfg = Release|Any CPU
		{D2BAEA2E-4679-46D5-AE8B-9A3F37B20D68}.Release|Any CPU.Build.0 = Release|Any CPU
		{F4066BC6-A9D6-4D73-9079-36B55490ECA0}.Debug|Any CPU.ActiveCfg = Debug|Any CPU
		{F4066BC6-A9D6-4D73-9079-36B55490ECA0}.Debug|Any CPU.Build.0 = Debug|Any CPU
		{F4066BC6-A9D6-4D73-9079-36B55490ECA0}.Release|Any CPU.ActiveCfg = Release|Any CPU
		{F4066BC6-A9D6-4D73-9079-36B55490ECA0}.Release|Any CPU.Build.0 = Release|Any CPU
		{7A61983E-688B-4BB0-A788-44E600411005}.Debug|Any CPU.ActiveCfg = Debug|Any CPU
		{7A61983E-688B-4BB0-A788-44E600411005}.Debug|Any CPU.Build.0 = Debug|Any CPU
		{7A61983E-688B-4BB0-A788-44E600411005}.Release|Any CPU.ActiveCfg = Release|Any CPU
		{7A61983E-688B-4BB0-A788-44E600411005}.Release|Any CPU.Build.0 = Release|Any CPU
		{12B64BF9-9FD1-4412-BE18-2105CF25A7EB}.Debug|Any CPU.ActiveCfg = Debug|Any CPU
		{12B64BF9-9FD1-4412-BE18-2105CF25A7EB}.Debug|Any CPU.Build.0 = Debug|Any CPU
		{12B64BF9-9FD1-4412-BE18-2105CF25A7EB}.Release|Any CPU.ActiveCfg = Release|Any CPU
		{12B64BF9-9FD1-4412-BE18-2105CF25A7EB}.Release|Any CPU.Build.0 = Release|Any CPU
		{94C25955-B3B5-4CB4-8A52-09F4C3C363B2}.Debug|Any CPU.ActiveCfg = Debug|Any CPU
		{94C25955-B3B5-4CB4-8A52-09F4C3C363B2}.Debug|Any CPU.Build.0 = Debug|Any CPU
		{94C25955-B3B5-4CB4-8A52-09F4C3C363B2}.Release|Any CPU.ActiveCfg = Release|Any CPU
		{94C25955-B3B5-4CB4-8A52-09F4C3C363B2}.Release|Any CPU.Build.0 = Release|Any CPU
		{81D9DEE4-6264-4921-8C35-FF9C83DB9AD2}.Debug|Any CPU.ActiveCfg = Debug|Any CPU
		{81D9DEE4-6264-4921-8C35-FF9C83DB9AD2}.Debug|Any CPU.Build.0 = Debug|Any CPU
		{81D9DEE4-6264-4921-8C35-FF9C83DB9AD2}.Release|Any CPU.ActiveCfg = Release|Any CPU
		{81D9DEE4-6264-4921-8C35-FF9C83DB9AD2}.Release|Any CPU.Build.0 = Release|Any CPU
		{309A25DF-029C-4202-90A7-E181C6DF05CA}.Debug|Any CPU.ActiveCfg = Debug|Any CPU
		{309A25DF-029C-4202-90A7-E181C6DF05CA}.Debug|Any CPU.Build.0 = Debug|Any CPU
		{309A25DF-029C-4202-90A7-E181C6DF05CA}.Release|Any CPU.ActiveCfg = Release|Any CPU
		{309A25DF-029C-4202-90A7-E181C6DF05CA}.Release|Any CPU.Build.0 = Release|Any CPU
		{BE18A1D8-BDE2-408D-91D4-1197510E2D71}.Debug|Any CPU.ActiveCfg = Debug|Any CPU
		{BE18A1D8-BDE2-408D-91D4-1197510E2D71}.Debug|Any CPU.Build.0 = Debug|Any CPU
		{BE18A1D8-BDE2-408D-91D4-1197510E2D71}.Release|Any CPU.ActiveCfg = Release|Any CPU
		{BE18A1D8-BDE2-408D-91D4-1197510E2D71}.Release|Any CPU.Build.0 = Release|Any CPU
		{BB7246DC-3CF8-41AE-B362-A87272F2DBCC}.Debug|Any CPU.ActiveCfg = Debug|Any CPU
		{BB7246DC-3CF8-41AE-B362-A87272F2DBCC}.Debug|Any CPU.Build.0 = Debug|Any CPU
		{BB7246DC-3CF8-41AE-B362-A87272F2DBCC}.Release|Any CPU.ActiveCfg = Release|Any CPU
		{BB7246DC-3CF8-41AE-B362-A87272F2DBCC}.Release|Any CPU.Build.0 = Release|Any CPU
		{928ADD03-6FDA-4DE5-8682-855E365448B9}.Debug|Any CPU.ActiveCfg = Debug|Any CPU
		{928ADD03-6FDA-4DE5-8682-855E365448B9}.Debug|Any CPU.Build.0 = Debug|Any CPU
		{928ADD03-6FDA-4DE5-8682-855E365448B9}.Release|Any CPU.ActiveCfg = Release|Any CPU
		{928ADD03-6FDA-4DE5-8682-855E365448B9}.Release|Any CPU.Build.0 = Release|Any CPU
		{549A1056-C313-4AB8-9D96-A60E3D51CA47}.Debug|Any CPU.ActiveCfg = Debug|Any CPU
		{549A1056-C313-4AB8-9D96-A60E3D51CA47}.Debug|Any CPU.Build.0 = Debug|Any CPU
		{549A1056-C313-4AB8-9D96-A60E3D51CA47}.Release|Any CPU.ActiveCfg = Release|Any CPU
		{549A1056-C313-4AB8-9D96-A60E3D51CA47}.Release|Any CPU.Build.0 = Release|Any CPU
		{38AE76BA-D077-42F6-A67D-E5454A2B8850}.Debug|Any CPU.ActiveCfg = Debug|Any CPU
		{38AE76BA-D077-42F6-A67D-E5454A2B8850}.Debug|Any CPU.Build.0 = Debug|Any CPU
		{38AE76BA-D077-42F6-A67D-E5454A2B8850}.Release|Any CPU.ActiveCfg = Release|Any CPU
		{38AE76BA-D077-42F6-A67D-E5454A2B8850}.Release|Any CPU.Build.0 = Release|Any CPU
		{FCCDBC14-C14E-43E0-B8A9-2F90C6CC942A}.Debug|Any CPU.ActiveCfg = Debug|Any CPU
		{FCCDBC14-C14E-43E0-B8A9-2F90C6CC942A}.Debug|Any CPU.Build.0 = Debug|Any CPU
		{FCCDBC14-C14E-43E0-B8A9-2F90C6CC942A}.Release|Any CPU.ActiveCfg = Release|Any CPU
		{FCCDBC14-C14E-43E0-B8A9-2F90C6CC942A}.Release|Any CPU.Build.0 = Release|Any CPU
		{5C7B52E4-6AB0-4E32-B01C-EE9A96B18576}.Debug|Any CPU.ActiveCfg = Debug|Any CPU
		{5C7B52E4-6AB0-4E32-B01C-EE9A96B18576}.Debug|Any CPU.Build.0 = Debug|Any CPU
		{5C7B52E4-6AB0-4E32-B01C-EE9A96B18576}.Release|Any CPU.ActiveCfg = Release|Any CPU
		{5C7B52E4-6AB0-4E32-B01C-EE9A96B18576}.Release|Any CPU.Build.0 = Release|Any CPU
		{0E47D138-D490-448F-B1BA-9FBC43333952}.Debug|Any CPU.ActiveCfg = Debug|Any CPU
		{0E47D138-D490-448F-B1BA-9FBC43333952}.Debug|Any CPU.Build.0 = Debug|Any CPU
		{0E47D138-D490-448F-B1BA-9FBC43333952}.Release|Any CPU.ActiveCfg = Release|Any CPU
		{0E47D138-D490-448F-B1BA-9FBC43333952}.Release|Any CPU.Build.0 = Release|Any CPU
		{A7F2CBD8-2896-44DF-8181-443A0A94D5ED}.Debug|Any CPU.ActiveCfg = Debug|Any CPU
		{A7F2CBD8-2896-44DF-8181-443A0A94D5ED}.Debug|Any CPU.Build.0 = Debug|Any CPU
		{A7F2CBD8-2896-44DF-8181-443A0A94D5ED}.Release|Any CPU.ActiveCfg = Release|Any CPU
		{A7F2CBD8-2896-44DF-8181-443A0A94D5ED}.Release|Any CPU.Build.0 = Release|Any CPU
		{9FFE7E50-E087-4A32-91A4-B06E1D4C0C83}.Debug|Any CPU.ActiveCfg = Debug|Any CPU
		{9FFE7E50-E087-4A32-91A4-B06E1D4C0C83}.Debug|Any CPU.Build.0 = Debug|Any CPU
		{9FFE7E50-E087-4A32-91A4-B06E1D4C0C83}.Release|Any CPU.ActiveCfg = Release|Any CPU
		{9FFE7E50-E087-4A32-91A4-B06E1D4C0C83}.Release|Any CPU.Build.0 = Release|Any CPU
		{CB055AE5-6D85-4C47-B83F-60072ED60F98}.Debug|Any CPU.ActiveCfg = Debug|Any CPU
		{CB055AE5-6D85-4C47-B83F-60072ED60F98}.Debug|Any CPU.Build.0 = Debug|Any CPU
		{CB055AE5-6D85-4C47-B83F-60072ED60F98}.Release|Any CPU.ActiveCfg = Release|Any CPU
		{CB055AE5-6D85-4C47-B83F-60072ED60F98}.Release|Any CPU.Build.0 = Release|Any CPU
	EndGlobalSection
	GlobalSection(SolutionProperties) = preSolution
		HideSolutionNode = FALSE
	EndGlobalSection
	GlobalSection(ExtensibilityGlobals) = postSolution
		SolutionGuid = {66FA1D0B-878C-4148-A620-4809A76A1C0D}
	EndGlobalSection
EndGlobal
